
Microsoft Visual Studio Solution File, Format Version 12.00
# Visual Studio Version 17
VisualStudioVersion = 17.5.002.0
MinimumVisualStudioVersion = 10.0.40219.1
Project("{9A19103F-16F7-4668-BE54-9A1E7A4F7556}") = "DesafioFundamentos", "DesafioFundamentos.csproj", "{C0448CB2-4FED-44CC-AFD8-7BD7DE99A2ED}"
EndProject
Global
	GlobalSection(SolutionConfigurationPlatforms) = preSolution
		Debug|Any CPU = Debug|Any CPU
		Release|Any CPU = Release|Any CPU
	EndGlobalSection
	GlobalSection(ProjectConfigurationPlatforms) = postSolution
		{C0448CB2-4FED-44CC-AFD8-7BD7DE99A2ED}.Debug|Any CPU.ActiveCfg = Debug|Any CPU
		{C0448CB2-4FED-44CC-AFD8-7BD7DE99A2ED}.Debug|Any CPU.Build.0 = Debug|Any CPU
		{C0448CB2-4FED-44CC-AFD8-7BD7DE99A2ED}.Release|Any CPU.ActiveCfg = Release|Any CPU
		{C0448CB2-4FED-44CC-AFD8-7BD7DE99A2ED}.Release|Any CPU.Build.0 = Release|Any CPU
	EndGlobalSection
	GlobalSection(SolutionProperties) = preSolution
		HideSolutionNode = FALSE
	EndGlobalSection
	GlobalSection(ExtensibilityGlobals) = postSolution
		SolutionGuid = {1EA670BC-2BD2-460B-9F0E-8FAB9D4CC70B}
	EndGlobalSection
EndGlobal
